// !$*UTF8*$!
{
	archiveVersion = 1;
	classes = {
	};
	objectVersion = 56;
	objects = {

/* Begin PBXBuildFile section */
		607CFD1B2991C19C00930BEB /* HeroHeaderUIView.swift in Sources */ = {isa = PBXBuildFile; fileRef = 607CFD1A2991C19C00930BEB /* HeroHeaderUIView.swift */; };
		607CFD1E2992511A00930BEB /* NetworkLayer.swift in Sources */ = {isa = PBXBuildFile; fileRef = 607CFD1D2992511A00930BEB /* NetworkLayer.swift */; };
		607CFD202992580D00930BEB /* Title.swift in Sources */ = {isa = PBXBuildFile; fileRef = 607CFD1F2992580D00930BEB /* Title.swift */; };
		607CFD25299266C500930BEB /* String+Extension.swift in Sources */ = {isa = PBXBuildFile; fileRef = 607CFD24299266C500930BEB /* String+Extension.swift */; };
		60939B8D299302EF0044E706 /* TitleCollectionViewCell.swift in Sources */ = {isa = PBXBuildFile; fileRef = 60939B8C299302EF0044E706 /* TitleCollectionViewCell.swift */; };
		60939B90299304AB0044E706 /* SDWebImage in Frameworks */ = {isa = PBXBuildFile; productRef = 60939B8F299304AB0044E706 /* SDWebImage */; };
		60939B92299304AB0044E706 /* SDWebImageMapKit in Frameworks */ = {isa = PBXBuildFile; productRef = 60939B91299304AB0044E706 /* SDWebImageMapKit */; };
		60A0EE732991037700847B95 /* AppDelegate.swift in Sources */ = {isa = PBXBuildFile; fileRef = 60A0EE722991037700847B95 /* AppDelegate.swift */; };
		60A0EE752991037700847B95 /* SceneDelegate.swift in Sources */ = {isa = PBXBuildFile; fileRef = 60A0EE742991037700847B95 /* SceneDelegate.swift */; };
		60A0EE772991037700847B95 /* MainTabBarViewController.swift in Sources */ = {isa = PBXBuildFile; fileRef = 60A0EE762991037700847B95 /* MainTabBarViewController.swift */; };
		60A0EE7C2991037C00847B95 /* Assets.xcassets in Resources */ = {isa = PBXBuildFile; fileRef = 60A0EE7B2991037C00847B95 /* Assets.xcassets */; };
		60A0EE7F2991037C00847B95 /* LaunchScreen.storyboard in Resources */ = {isa = PBXBuildFile; fileRef = 60A0EE7D2991037C00847B95 /* LaunchScreen.storyboard */; };
		60A0EE882991067800847B95 /* HomeViewController.swift in Sources */ = {isa = PBXBuildFile; fileRef = 60A0EE872991067800847B95 /* HomeViewController.swift */; };
		60A0EE8A2991068E00847B95 /* SearchViewController.swift in Sources */ = {isa = PBXBuildFile; fileRef = 60A0EE892991068E00847B95 /* SearchViewController.swift */; };
		60A0EE8C299106AE00847B95 /* UpcomingViewController.swift in Sources */ = {isa = PBXBuildFile; fileRef = 60A0EE8B299106AE00847B95 /* UpcomingViewController.swift */; };
		60A0EE8E299106D000847B95 /* DownloadsViewController.swift in Sources */ = {isa = PBXBuildFile; fileRef = 60A0EE8D299106D000847B95 /* DownloadsViewController.swift */; };
		60A0EE942991187000847B95 /* CollectionViewTableViewCell.swift in Sources */ = {isa = PBXBuildFile; fileRef = 60A0EE932991187000847B95 /* CollectionViewTableViewCell.swift */; };
/* End PBXBuildFile section */

/* Begin PBXFileReference section */
		607CFD1A2991C19C00930BEB /* HeroHeaderUIView.swift */ = {isa = PBXFileReference; lastKnownFileType = sourcecode.swift; path = HeroHeaderUIView.swift; sourceTree = "<group>"; };
		607CFD1D2992511A00930BEB /* NetworkLayer.swift */ = {isa = PBXFileReference; lastKnownFileType = sourcecode.swift; path = NetworkLayer.swift; sourceTree = "<group>"; };
		607CFD1F2992580D00930BEB /* Title.swift */ = {isa = PBXFileReference; lastKnownFileType = sourcecode.swift; path = Title.swift; sourceTree = "<group>"; };
		607CFD24299266C500930BEB /* String+Extension.swift */ = {isa = PBXFileReference; lastKnownFileType = sourcecode.swift; path = "String+Extension.swift"; sourceTree = "<group>"; };
		60939B8C299302EF0044E706 /* TitleCollectionViewCell.swift */ = {isa = PBXFileReference; lastKnownFileType = sourcecode.swift; path = TitleCollectionViewCell.swift; sourceTree = "<group>"; };
		60A0EE6F2991037700847B95 /* Netflix.app */ = {isa = PBXFileReference; explicitFileType = wrapper.application; includeInIndex = 0; path = Netflix.app; sourceTree = BUILT_PRODUCTS_DIR; };
		60A0EE722991037700847B95 /* AppDelegate.swift */ = {isa = PBXFileReference; lastKnownFileType = sourcecode.swift; path = AppDelegate.swift; sourceTree = "<group>"; };
		60A0EE742991037700847B95 /* SceneDelegate.swift */ = {isa = PBXFileReference; lastKnownFileType = sourcecode.swift; path = SceneDelegate.swift; sourceTree = "<group>"; };
		60A0EE762991037700847B95 /* MainTabBarViewController.swift */ = {isa = PBXFileReference; lastKnownFileType = sourcecode.swift; path = MainTabBarViewController.swift; sourceTree = "<group>"; };
		60A0EE7B2991037C00847B95 /* Assets.xcassets */ = {isa = PBXFileReference; lastKnownFileType = folder.assetcatalog; path = Assets.xcassets; sourceTree = "<group>"; };
		60A0EE7E2991037C00847B95 /* Base */ = {isa = PBXFileReference; lastKnownFileType = file.storyboard; name = Base; path = Base.lproj/LaunchScreen.storyboard; sourceTree = "<group>"; };
		60A0EE802991037C00847B95 /* Info.plist */ = {isa = PBXFileReference; lastKnownFileType = text.plist.xml; path = Info.plist; sourceTree = "<group>"; };
		60A0EE872991067800847B95 /* HomeViewController.swift */ = {isa = PBXFileReference; lastKnownFileType = sourcecode.swift; path = HomeViewController.swift; sourceTree = "<group>"; };
		60A0EE892991068E00847B95 /* SearchViewController.swift */ = {isa = PBXFileReference; lastKnownFileType = sourcecode.swift; path = SearchViewController.swift; sourceTree = "<group>"; };
		60A0EE8B299106AE00847B95 /* UpcomingViewController.swift */ = {isa = PBXFileReference; lastKnownFileType = sourcecode.swift; path = UpcomingViewController.swift; sourceTree = "<group>"; };
		60A0EE8D299106D000847B95 /* DownloadsViewController.swift */ = {isa = PBXFileReference; lastKnownFileType = sourcecode.swift; path = DownloadsViewController.swift; sourceTree = "<group>"; };
		60A0EE932991187000847B95 /* CollectionViewTableViewCell.swift */ = {isa = PBXFileReference; lastKnownFileType = sourcecode.swift; path = CollectionViewTableViewCell.swift; sourceTree = "<group>"; };
/* End PBXFileReference section */

/* Begin PBXFrameworksBuildPhase section */
		60A0EE6C2991037700847B95 /* Frameworks */ = {
			isa = PBXFrameworksBuildPhase;
			buildActionMask = 2147483647;
			files = (
				60939B92299304AB0044E706 /* SDWebImageMapKit in Frameworks */,
				60939B90299304AB0044E706 /* SDWebImage in Frameworks */,
			);
			runOnlyForDeploymentPostprocessing = 0;
		};
/* End PBXFrameworksBuildPhase section */

/* Begin PBXGroup section */
		607CFD1C299250EB00930BEB /* Manager */ = {
			isa = PBXGroup;
			children = (
				607CFD1D2992511A00930BEB /* NetworkLayer.swift */,
			);
			path = Manager;
			sourceTree = "<group>";
		};
		607CFD21299265C700930BEB /* Resource */ = {
			isa = PBXGroup;
			children = (
				607CFD222992661000930BEB /* Helper */,
				60A0EE7B2991037C00847B95 /* Assets.xcassets */,
				60A0EE802991037C00847B95 /* Info.plist */,
				60A0EE7D2991037C00847B95 /* LaunchScreen.storyboard */,
			);
			path = Resource;
			sourceTree = "<group>";
		};
		607CFD222992661000930BEB /* Helper */ = {
			isa = PBXGroup;
			children = (
				607CFD232992664700930BEB /* Extension */,
			);
			path = Helper;
			sourceTree = "<group>";
		};
		607CFD232992664700930BEB /* Extension */ = {
			isa = PBXGroup;
			children = (
				607CFD24299266C500930BEB /* String+Extension.swift */,
			);
			path = Extension;
			sourceTree = "<group>";
		};
		60A0EE662991037700847B95 = {
			isa = PBXGroup;
			children = (
				60A0EE712991037700847B95 /* Netflix */,
				60A0EE702991037700847B95 /* Products */,
			);
			sourceTree = "<group>";
		};
		60A0EE702991037700847B95 /* Products */ = {
			isa = PBXGroup;
			children = (
				60A0EE6F2991037700847B95 /* Netflix.app */,
			);
			name = Products;
			sourceTree = "<group>";
		};
		60A0EE712991037700847B95 /* Netflix */ = {
			isa = PBXGroup;
			children = (
				60A0EE922991181100847B95 /* Application */,
				60A0EE862991065F00847B95 /* Controller */,
				607CFD1C299250EB00930BEB /* Manager */,
				60A0EE8F299117DE00847B95 /* Model */,
				60A0EE90299117ED00847B95 /* View */,
				60A0EE91299117FD00847B95 /* ViewModel */,
				60A0EE762991037700847B95 /* MainTabBarViewController.swift */,
				607CFD21299265C700930BEB /* Resource */,
			);
			path = Netflix;
			sourceTree = "<group>";
		};
		60A0EE862991065F00847B95 /* Controller */ = {
			isa = PBXGroup;
			children = (
				60A0EE872991067800847B95 /* HomeViewController.swift */,
				60A0EE8B299106AE00847B95 /* UpcomingViewController.swift */,
				60A0EE892991068E00847B95 /* SearchViewController.swift */,
				60A0EE8D299106D000847B95 /* DownloadsViewController.swift */,
			);
			path = Controller;
			sourceTree = "<group>";
		};
		60A0EE8F299117DE00847B95 /* Model */ = {
			isa = PBXGroup;
			children = (
				607CFD1F2992580D00930BEB /* Title.swift */,
			);
			path = Model;
			sourceTree = "<group>";
		};
		60A0EE90299117ED00847B95 /* View */ = {
			isa = PBXGroup;
			children = (
				60A0EE932991187000847B95 /* CollectionViewTableViewCell.swift */,
				607CFD1A2991C19C00930BEB /* HeroHeaderUIView.swift */,
				60939B8C299302EF0044E706 /* TitleCollectionViewCell.swift */,
			);
			path = View;
			sourceTree = "<group>";
		};
		60A0EE91299117FD00847B95 /* ViewModel */ = {
			isa = PBXGroup;
			children = (
			);
			path = ViewModel;
			sourceTree = "<group>";
		};
		60A0EE922991181100847B95 /* Application */ = {
			isa = PBXGroup;
			children = (
				60A0EE722991037700847B95 /* AppDelegate.swift */,
				60A0EE742991037700847B95 /* SceneDelegate.swift */,
			);
			path = Application;
			sourceTree = "<group>";
		};
/* End PBXGroup section */

/* Begin PBXNativeTarget section */
		60A0EE6E2991037700847B95 /* Netflix */ = {
			isa = PBXNativeTarget;
			buildConfigurationList = 60A0EE832991037C00847B95 /* Build configuration list for PBXNativeTarget "Netflix" */;
			buildPhases = (
				60A0EE6B2991037700847B95 /* Sources */,
				60A0EE6C2991037700847B95 /* Frameworks */,
				60A0EE6D2991037700847B95 /* Resources */,
			);
			buildRules = (
			);
			dependencies = (
			);
			name = Netflix;
			packageProductDependencies = (
				60939B8F299304AB0044E706 /* SDWebImage */,
				60939B91299304AB0044E706 /* SDWebImageMapKit */,
			);
			productName = Netflix;
			productReference = 60A0EE6F2991037700847B95 /* Netflix.app */;
			productType = "com.apple.product-type.application";
		};
/* End PBXNativeTarget section */

/* Begin PBXProject section */
		60A0EE672991037700847B95 /* Project object */ = {
			isa = PBXProject;
			attributes = {
				BuildIndependentTargetsInParallel = 1;
				LastSwiftUpdateCheck = 1410;
				LastUpgradeCheck = 1410;
				TargetAttributes = {
					60A0EE6E2991037700847B95 = {
						CreatedOnToolsVersion = 14.1;
					};
				};
			};
			buildConfigurationList = 60A0EE6A2991037700847B95 /* Build configuration list for PBXProject "Netflix" */;
			compatibilityVersion = "Xcode 14.0";
			developmentRegion = en;
			hasScannedForEncodings = 0;
			knownRegions = (
				en,
				Base,
			);
			mainGroup = 60A0EE662991037700847B95;
			packageReferences = (
				60939B8E299304AB0044E706 /* XCRemoteSwiftPackageReference "SDWebImage" */,
			);
			productRefGroup = 60A0EE702991037700847B95 /* Products */;
			projectDirPath = "";
			projectRoot = "";
			targets = (
				60A0EE6E2991037700847B95 /* Netflix */,
			);
		};
/* End PBXProject section */

/* Begin PBXResourcesBuildPhase section */
		60A0EE6D2991037700847B95 /* Resources */ = {
			isa = PBXResourcesBuildPhase;
			buildActionMask = 2147483647;
			files = (
				60A0EE7F2991037C00847B95 /* LaunchScreen.storyboard in Resources */,
				60A0EE7C2991037C00847B95 /* Assets.xcassets in Resources */,
			);
			runOnlyForDeploymentPostprocessing = 0;
		};
/* End PBXResourcesBuildPhase section */

/* Begin PBXSourcesBuildPhase section */
		60A0EE6B2991037700847B95 /* Sources */ = {
			isa = PBXSourcesBuildPhase;
			buildActionMask = 2147483647;
			files = (
				60A0EE8C299106AE00847B95 /* UpcomingViewController.swift in Sources */,
				60939B8D299302EF0044E706 /* TitleCollectionViewCell.swift in Sources */,
				60A0EE8A2991068E00847B95 /* SearchViewController.swift in Sources */,
				60A0EE942991187000847B95 /* CollectionViewTableViewCell.swift in Sources */,
				607CFD1B2991C19C00930BEB /* HeroHeaderUIView.swift in Sources */,
				607CFD25299266C500930BEB /* String+Extension.swift in Sources */,
				60A0EE8E299106D000847B95 /* DownloadsViewController.swift in Sources */,
				60A0EE772991037700847B95 /* MainTabBarViewController.swift in Sources */,
				60A0EE732991037700847B95 /* AppDelegate.swift in Sources */,
				60A0EE752991037700847B95 /* SceneDelegate.swift in Sources */,
				607CFD1E2992511A00930BEB /* NetworkLayer.swift in Sources */,
				607CFD202992580D00930BEB /* Title.swift in Sources */,
				60A0EE882991067800847B95 /* HomeViewController.swift in Sources */,
			);
			runOnlyForDeploymentPostprocessing = 0;
		};
/* End PBXSourcesBuildPhase section */

/* Begin PBXVariantGroup section */
		60A0EE7D2991037C00847B95 /* LaunchScreen.storyboard */ = {
			isa = PBXVariantGroup;
			children = (
				60A0EE7E2991037C00847B95 /* Base */,
			);
			name = LaunchScreen.storyboard;
			sourceTree = "<group>";
		};
/* End PBXVariantGroup section */

/* Begin XCBuildConfiguration section */
		60A0EE812991037C00847B95 /* Debug */ = {
			isa = XCBuildConfiguration;
			buildSettings = {
				ALWAYS_SEARCH_USER_PATHS = NO;
				CLANG_ANALYZER_NONNULL = YES;
				CLANG_ANALYZER_NUMBER_OBJECT_CONVERSION = YES_AGGRESSIVE;
				CLANG_CXX_LANGUAGE_STANDARD = "gnu++20";
				CLANG_ENABLE_MODULES = YES;
				CLANG_ENABLE_OBJC_ARC = YES;
				CLANG_ENABLE_OBJC_WEAK = YES;
				CLANG_WARN_BLOCK_CAPTURE_AUTORELEASING = YES;
				CLANG_WARN_BOOL_CONVERSION = YES;
				CLANG_WARN_COMMA = YES;
				CLANG_WARN_CONSTANT_CONVERSION = YES;
				CLANG_WARN_DEPRECATED_OBJC_IMPLEMENTATIONS = YES;
				CLANG_WARN_DIRECT_OBJC_ISA_USAGE = YES_ERROR;
				CLANG_WARN_DOCUMENTATION_COMMENTS = YES;
				CLANG_WARN_EMPTY_BODY = YES;
				CLANG_WARN_ENUM_CONVERSION = YES;
				CLANG_WARN_INFINITE_RECURSION = YES;
				CLANG_WARN_INT_CONVERSION = YES;
				CLANG_WARN_NON_LITERAL_NULL_CONVERSION = YES;
				CLANG_WARN_OBJC_IMPLICIT_RETAIN_SELF = YES;
				CLANG_WARN_OBJC_LITERAL_CONVERSION = YES;
				CLANG_WARN_OBJC_ROOT_CLASS = YES_ERROR;
				CLANG_WARN_QUOTED_INCLUDE_IN_FRAMEWORK_HEADER = YES;
				CLANG_WARN_RANGE_LOOP_ANALYSIS = YES;
				CLANG_WARN_STRICT_PROTOTYPES = YES;
				CLANG_WARN_SUSPICIOUS_MOVE = YES;
				CLANG_WARN_UNGUARDED_AVAILABILITY = YES_AGGRESSIVE;
				CLANG_WARN_UNREACHABLE_CODE = YES;
				CLANG_WARN__DUPLICATE_METHOD_MATCH = YES;
				COPY_PHASE_STRIP = NO;
				DEBUG_INFORMATION_FORMAT = dwarf;
				ENABLE_STRICT_OBJC_MSGSEND = YES;
				ENABLE_TESTABILITY = YES;
				GCC_C_LANGUAGE_STANDARD = gnu11;
				GCC_DYNAMIC_NO_PIC = NO;
				GCC_NO_COMMON_BLOCKS = YES;
				GCC_OPTIMIZATION_LEVEL = 0;
				GCC_PREPROCESSOR_DEFINITIONS = (
					"DEBUG=1",
					"$(inherited)",
				);
				GCC_WARN_64_TO_32_BIT_CONVERSION = YES;
				GCC_WARN_ABOUT_RETURN_TYPE = YES_ERROR;
				GCC_WARN_UNDECLARED_SELECTOR = YES;
				GCC_WARN_UNINITIALIZED_AUTOS = YES_AGGRESSIVE;
				GCC_WARN_UNUSED_FUNCTION = YES;
				GCC_WARN_UNUSED_VARIABLE = YES;
				IPHONEOS_DEPLOYMENT_TARGET = 16.1;
				MTL_ENABLE_DEBUG_INFO = INCLUDE_SOURCE;
				MTL_FAST_MATH = YES;
				ONLY_ACTIVE_ARCH = YES;
				SDKROOT = iphoneos;
				SWIFT_ACTIVE_COMPILATION_CONDITIONS = DEBUG;
				SWIFT_OPTIMIZATION_LEVEL = "-Onone";
			};
			name = Debug;
		};
		60A0EE822991037C00847B95 /* Release */ = {
			isa = XCBuildConfiguration;
			buildSettings = {
				ALWAYS_SEARCH_USER_PATHS = NO;
				CLANG_ANALYZER_NONNULL = YES;
				CLANG_ANALYZER_NUMBER_OBJECT_CONVERSION = YES_AGGRESSIVE;
				CLANG_CXX_LANGUAGE_STANDARD = "gnu++20";
				CLANG_ENABLE_MODULES = YES;
				CLANG_ENABLE_OBJC_ARC = YES;
				CLANG_ENABLE_OBJC_WEAK = YES;
				CLANG_WARN_BLOCK_CAPTURE_AUTORELEASING = YES;
				CLANG_WARN_BOOL_CONVERSION = YES;
				CLANG_WARN_COMMA = YES;
				CLANG_WARN_CONSTANT_CONVERSION = YES;
				CLANG_WARN_DEPRECATED_OBJC_IMPLEMENTATIONS = YES;
				CLANG_WARN_DIRECT_OBJC_ISA_USAGE = YES_ERROR;
				CLANG_WARN_DOCUMENTATION_COMMENTS = YES;
				CLANG_WARN_EMPTY_BODY = YES;
				CLANG_WARN_ENUM_CONVERSION = YES;
				CLANG_WARN_INFINITE_RECURSION = YES;
				CLANG_WARN_INT_CONVERSION = YES;
				CLANG_WARN_NON_LITERAL_NULL_CONVERSION = YES;
				CLANG_WARN_OBJC_IMPLICIT_RETAIN_SELF = YES;
				CLANG_WARN_OBJC_LITERAL_CONVERSION = YES;
				CLANG_WARN_OBJC_ROOT_CLASS = YES_ERROR;
				CLANG_WARN_QUOTED_INCLUDE_IN_FRAMEWORK_HEADER = YES;
				CLANG_WARN_RANGE_LOOP_ANALYSIS = YES;
				CLANG_WARN_STRICT_PROTOTYPES = YES;
				CLANG_WARN_SUSPICIOUS_MOVE = YES;
				CLANG_WARN_UNGUARDED_AVAILABILITY = YES_AGGRESSIVE;
				CLANG_WARN_UNREACHABLE_CODE = YES;
				CLANG_WARN__DUPLICATE_METHOD_MATCH = YES;
				COPY_PHASE_STRIP = NO;
				DEBUG_INFORMATION_FORMAT = "dwarf-with-dsym";
				ENABLE_NS_ASSERTIONS = NO;
				ENABLE_STRICT_OBJC_MSGSEND = YES;
				GCC_C_LANGUAGE_STANDARD = gnu11;
				GCC_NO_COMMON_BLOCKS = YES;
				GCC_WARN_64_TO_32_BIT_CONVERSION = YES;
				GCC_WARN_ABOUT_RETURN_TYPE = YES_ERROR;
				GCC_WARN_UNDECLARED_SELECTOR = YES;
				GCC_WARN_UNINITIALIZED_AUTOS = YES_AGGRESSIVE;
				GCC_WARN_UNUSED_FUNCTION = YES;
				GCC_WARN_UNUSED_VARIABLE = YES;
				IPHONEOS_DEPLOYMENT_TARGET = 16.1;
				MTL_ENABLE_DEBUG_INFO = NO;
				MTL_FAST_MATH = YES;
				SDKROOT = iphoneos;
				SWIFT_COMPILATION_MODE = wholemodule;
				SWIFT_OPTIMIZATION_LEVEL = "-O";
				VALIDATE_PRODUCT = YES;
			};
			name = Release;
		};
		60A0EE842991037C00847B95 /* Debug */ = {
			isa = XCBuildConfiguration;
			buildSettings = {
				ASSETCATALOG_COMPILER_APPICON_NAME = AppIcon;
				ASSETCATALOG_COMPILER_GLOBAL_ACCENT_COLOR_NAME = AccentColor;
				CODE_SIGN_STYLE = Automatic;
				CURRENT_PROJECT_VERSION = 1;
				DEVELOPMENT_TEAM = TVNB4R4JHD;
				GENERATE_INFOPLIST_FILE = YES;
				INFOPLIST_FILE = Netflix/Resource/Info.plist;
				INFOPLIST_KEY_UIApplicationSupportsIndirectInputEvents = YES;
				INFOPLIST_KEY_UILaunchStoryboardName = LaunchScreen;
				INFOPLIST_KEY_UISupportedInterfaceOrientations_iPad = "UIInterfaceOrientationPortrait UIInterfaceOrientationPortraitUpsideDown UIInterfaceOrientationLandscapeLeft UIInterfaceOrientationLandscapeRight";
				INFOPLIST_KEY_UISupportedInterfaceOrientations_iPhone = "UIInterfaceOrientationPortrait UIInterfaceOrientationLandscapeLeft UIInterfaceOrientationLandscapeRight";
				LD_RUNPATH_SEARCH_PATHS = (
					"$(inherited)",
					"@executable_path/Frameworks",
				);
				MARKETING_VERSION = 1.0;
				PRODUCT_BUNDLE_IDENTIFIER = com.nikolayignatov.Netflix;
				PRODUCT_NAME = "$(TARGET_NAME)";
				SUPPORTED_PLATFORMS = "iphoneos iphonesimulator";
				SUPPORTS_MACCATALYST = NO;
				SUPPORTS_MAC_DESIGNED_FOR_IPHONE_IPAD = NO;
				SWIFT_EMIT_LOC_STRINGS = YES;
				SWIFT_VERSION = 5.0;
				TARGETED_DEVICE_FAMILY = "1,2";
			};
			name = Debug;
		};
		60A0EE852991037C00847B95 /* Release */ = {
			isa = XCBuildConfiguration;
			buildSettings = {
				ASSETCATALOG_COMPILER_APPICON_NAME = AppIcon;
				ASSETCATALOG_COMPILER_GLOBAL_ACCENT_COLOR_NAME = AccentColor;
				CODE_SIGN_STYLE = Automatic;
				CURRENT_PROJECT_VERSION = 1;
				DEVELOPMENT_TEAM = TVNB4R4JHD;
				GENERATE_INFOPLIST_FILE = YES;
				INFOPLIST_FILE = Netflix/Resource/Info.plist;
				INFOPLIST_KEY_UIApplicationSupportsIndirectInputEvents = YES;
				INFOPLIST_KEY_UILaunchStoryboardName = LaunchScreen;
				INFOPLIST_KEY_UISupportedInterfaceOrientations_iPad = "UIInterfaceOrientationPortrait UIInterfaceOrientationPortraitUpsideDown UIInterfaceOrientationLandscapeLeft UIInterfaceOrientationLandscapeRight";
				INFOPLIST_KEY_UISupportedInterfaceOrientations_iPhone = "UIInterfaceOrientationPortrait UIInterfaceOrientationLandscapeLeft UIInterfaceOrientationLandscapeRight";
				LD_RUNPATH_SEARCH_PATHS = (
					"$(inherited)",
					"@executable_path/Frameworks",
				);
				MARKETING_VERSION = 1.0;
				PRODUCT_BUNDLE_IDENTIFIER = com.nikolayignatov.Netflix;
				PRODUCT_NAME = "$(TARGET_NAME)";
				SUPPORTED_PLATFORMS = "iphoneos iphonesimulator";
				SUPPORTS_MACCATALYST = NO;
				SUPPORTS_MAC_DESIGNED_FOR_IPHONE_IPAD = NO;
				SWIFT_EMIT_LOC_STRINGS = YES;
				SWIFT_VERSION = 5.0;
				TARGETED_DEVICE_FAMILY = "1,2";
			};
			name = Release;
		};
/* End XCBuildConfiguration section */

/* Begin XCConfigurationList section */
		60A0EE6A2991037700847B95 /* Build configuration list for PBXProject "Netflix" */ = {
			isa = XCConfigurationList;
			buildConfigurations = (
				60A0EE812991037C00847B95 /* Debug */,
				60A0EE822991037C00847B95 /* Release */,
			);
			defaultConfigurationIsVisible = 0;
			defaultConfigurationName = Release;
		};
		60A0EE832991037C00847B95 /* Build configuration list for PBXNativeTarget "Netflix" */ = {
			isa = XCConfigurationList;
			buildConfigurations = (
				60A0EE842991037C00847B95 /* Debug */,
				60A0EE852991037C00847B95 /* Release */,
			);
			defaultConfigurationIsVisible = 0;
			defaultConfigurationName = Release;
		};
/* End XCConfigurationList section */

/* Begin XCRemoteSwiftPackageReference section */
		60939B8E299304AB0044E706 /* XCRemoteSwiftPackageReference "SDWebImage" */ = {
			isa = XCRemoteSwiftPackageReference;
			repositoryURL = "https://github.com/SDWebImage/SDWebImage";
			requirement = {
				kind = upToNextMajorVersion;
				minimumVersion = 5.0.0;
			};
		};
/* End XCRemoteSwiftPackageReference section */

/* Begin XCSwiftPackageProductDependency section */
		60939B8F299304AB0044E706 /* SDWebImage */ = {
			isa = XCSwiftPackageProductDependency;
			package = 60939B8E299304AB0044E706 /* XCRemoteSwiftPackageReference "SDWebImage" */;
			productName = SDWebImage;
		};
		60939B91299304AB0044E706 /* SDWebImageMapKit */ = {
			isa = XCSwiftPackageProductDependency;
			package = 60939B8E299304AB0044E706 /* XCRemoteSwiftPackageReference "SDWebImage" */;
			productName = SDWebImageMapKit;
		};
/* End XCSwiftPackageProductDependency section */
	};
	rootObject = 60A0EE672991037700847B95 /* Project object */;
}
